
Microsoft Visual Studio Solution File, Format Version 12.00
# Visual Studio Version 17
VisualStudioVersion = 17.9.34728.123
MinimumVisualStudioVersion = 10.0.40219.1
Project("{FAE04EC0-301F-11D3-BF4B-00C04F79EFBC}") = "parcial3", "parcial3\parcial3.csproj", "{BA786952-0E95-4D1E-B62D-CCB7DAEB0A09}"
EndProject
Global
	GlobalSection(SolutionConfigurationPlatforms) = preSolution
		Debug|Any CPU = Debug|Any CPU
		Release|Any CPU = Release|Any CPU
	EndGlobalSection
	GlobalSection(ProjectConfigurationPlatforms) = postSolution
		{BA786952-0E95-4D1E-B62D-CCB7DAEB0A09}.Debug|Any CPU.ActiveCfg = Debug|Any CPU
		{BA786952-0E95-4D1E-B62D-CCB7DAEB0A09}.Debug|Any CPU.Build.0 = Debug|Any CPU
		{BA786952-0E95-4D1E-B62D-CCB7DAEB0A09}.Release|Any CPU.ActiveCfg = Release|Any CPU
		{BA786952-0E95-4D1E-B62D-CCB7DAEB0A09}.Release|Any CPU.Build.0 = Release|Any CPU
	EndGlobalSection
	GlobalSection(SolutionProperties) = preSolution
		HideSolutionNode = FALSE
	EndGlobalSection
	GlobalSection(ExtensibilityGlobals) = postSolution
		SolutionGuid = {67AACAE9-0E26-4563-81FB-020F5ECCC078}
	EndGlobalSection
EndGlobal
